// !$*UTF8*$!
{
	archiveVersion = 1;
	classes = {
	};
	objectVersion = 56;
	objects = {

/* Begin PBXBuildFile section */
		A8AC35CA2B717AE2004453FB /* TimerApp.swift in Sources */ = {isa = PBXBuildFile; fileRef = A8AC35C92B717AE2004453FB /* TimerApp.swift */; };
		A8AC35CC2B717AE2004453FB /* ContentView.swift in Sources */ = {isa = PBXBuildFile; fileRef = A8AC35CB2B717AE2004453FB /* ContentView.swift */; };
		A8AC35CE2B717AE3004453FB /* Assets.xcassets in Resources */ = {isa = PBXBuildFile; fileRef = A8AC35CD2B717AE3004453FB /* Assets.xcassets */; };
		A8AC35D12B717AE3004453FB /* Preview Assets.xcassets in Resources */ = {isa = PBXBuildFile; fileRef = A8AC35D02B717AE3004453FB /* Preview Assets.xcassets */; };
		A8AC35DB2B717AE3004453FB /* TimerTests.swift in Sources */ = {isa = PBXBuildFile; fileRef = A8AC35DA2B717AE3004453FB /* TimerTests.swift */; };
		A8AC35E52B717AE3004453FB /* TimerUITests.swift in Sources */ = {isa = PBXBuildFile; fileRef = A8AC35E42B717AE3004453FB /* TimerUITests.swift */; };
		A8AC35E72B717AE3004453FB /* TimerUITestsLaunchTests.swift in Sources */ = {isa = PBXBuildFile; fileRef = A8AC35E62B717AE3004453FB /* TimerUITestsLaunchTests.swift */; };
		A8AC35F52B72B35F004453FB /* Launch Screen.storyboard in Resources */ = {isa = PBXBuildFile; fileRef = A8AC35F42B72B35F004453FB /* Launch Screen.storyboard */; };
		A8AC35F92B72B924004453FB /* PickerView.swift in Sources */ = {isa = PBXBuildFile; fileRef = A8AC35F82B72B924004453FB /* PickerView.swift */; };
/* End PBXBuildFile section */

/* Begin PBXContainerItemProxy section */
		A8AC35D72B717AE3004453FB /* PBXContainerItemProxy */ = {
			isa = PBXContainerItemProxy;
			containerPortal = A8AC35BE2B717AE2004453FB /* Project object */;
			proxyType = 1;
			remoteGlobalIDString = A8AC35C52B717AE2004453FB;
			remoteInfo = Timer;
		};
		A8AC35E12B717AE3004453FB /* PBXContainerItemProxy */ = {
			isa = PBXContainerItemProxy;
			containerPortal = A8AC35BE2B717AE2004453FB /* Project object */;
			proxyType = 1;
			remoteGlobalIDString = A8AC35C52B717AE2004453FB;
			remoteInfo = Timer;
		};
/* End PBXContainerItemProxy section */

/* Begin PBXFileReference section */
		A8AC35C62B717AE2004453FB /* Timer.app */ = {isa = PBXFileReference; explicitFileType = wrapper.application; includeInIndex = 0; path = Timer.app; sourceTree = BUILT_PRODUCTS_DIR; };
		A8AC35C92B717AE2004453FB /* TimerApp.swift */ = {isa = PBXFileReference; lastKnownFileType = sourcecode.swift; path = TimerApp.swift; sourceTree = "<group>"; };
		A8AC35CB2B717AE2004453FB /* ContentView.swift */ = {isa = PBXFileReference; lastKnownFileType = sourcecode.swift; path = ContentView.swift; sourceTree = "<group>"; };
		A8AC35CD2B717AE3004453FB /* Assets.xcassets */ = {isa = PBXFileReference; lastKnownFileType = folder.assetcatalog; path = Assets.xcassets; sourceTree = "<group>"; };
		A8AC35D02B717AE3004453FB /* Preview Assets.xcassets */ = {isa = PBXFileReference; lastKnownFileType = folder.assetcatalog; path = "Preview Assets.xcassets"; sourceTree = "<group>"; };
		A8AC35D62B717AE3004453FB /* TimerTests.xctest */ = {isa = PBXFileReference; explicitFileType = wrapper.cfbundle; includeInIndex = 0; path = TimerTests.xctest; sourceTree = BUILT_PRODUCTS_DIR; };
		A8AC35DA2B717AE3004453FB /* TimerTests.swift */ = {isa = PBXFileReference; lastKnownFileType = sourcecode.swift; path = TimerTests.swift; sourceTree = "<group>"; };
		A8AC35E02B717AE3004453FB /* TimerUITests.xctest */ = {isa = PBXFileReference; explicitFileType = wrapper.cfbundle; includeInIndex = 0; path = TimerUITests.xctest; sourceTree = BUILT_PRODUCTS_DIR; };
		A8AC35E42B717AE3004453FB /* TimerUITests.swift */ = {isa = PBXFileReference; lastKnownFileType = sourcecode.swift; path = TimerUITests.swift; sourceTree = "<group>"; };
		A8AC35E62B717AE3004453FB /* TimerUITestsLaunchTests.swift */ = {isa = PBXFileReference; lastKnownFileType = sourcecode.swift; path = TimerUITestsLaunchTests.swift; sourceTree = "<group>"; };
		A8AC35F32B72B248004453FB /* Info.plist */ = {isa = PBXFileReference; lastKnownFileType = text.plist; path = Info.plist; sourceTree = "<group>"; };
		A8AC35F42B72B35F004453FB /* Launch Screen.storyboard */ = {isa = PBXFileReference; lastKnownFileType = file.storyboard; path = "Launch Screen.storyboard"; sourceTree = "<group>"; };
		A8AC35F82B72B924004453FB /* PickerView.swift */ = {isa = PBXFileReference; lastKnownFileType = sourcecode.swift; path = PickerView.swift; sourceTree = "<group>"; };
/* End PBXFileReference section */

/* Begin PBXFrameworksBuildPhase section */
		A8AC35C32B717AE2004453FB /* Frameworks */ = {
			isa = PBXFrameworksBuildPhase;
			buildActionMask = 2147483647;
			files = (
			);
			runOnlyForDeploymentPostprocessing = 0;
		};
		A8AC35D32B717AE3004453FB /* Frameworks */ = {
			isa = PBXFrameworksBuildPhase;
			buildActionMask = 2147483647;
			files = (
			);
			runOnlyForDeploymentPostprocessing = 0;
		};
		A8AC35DD2B717AE3004453FB /* Frameworks */ = {
			isa = PBXFrameworksBuildPhase;
			buildActionMask = 2147483647;
			files = (
			);
			runOnlyForDeploymentPostprocessing = 0;
		};
/* End PBXFrameworksBuildPhase section */

/* Begin PBXGroup section */
		A8AC35BD2B717AE2004453FB = {
			isa = PBXGroup;
			children = (
				A8AC35C82B717AE2004453FB /* Timer */,
				A8AC35D92B717AE3004453FB /* TimerTests */,
				A8AC35E32B717AE3004453FB /* TimerUITests */,
				A8AC35C72B717AE2004453FB /* Products */,
			);
			sourceTree = "<group>";
		};
		A8AC35C72B717AE2004453FB /* Products */ = {
			isa = PBXGroup;
			children = (
				A8AC35C62B717AE2004453FB /* Timer.app */,
				A8AC35D62B717AE3004453FB /* TimerTests.xctest */,
				A8AC35E02B717AE3004453FB /* TimerUITests.xctest */,
			);
			name = Products;
			sourceTree = "<group>";
		};
		A8AC35C82B717AE2004453FB /* Timer */ = {
			isa = PBXGroup;
			children = (
				A8AC35F32B72B248004453FB /* Info.plist */,
				A8AC35C92B717AE2004453FB /* TimerApp.swift */,
				A8AC35CB2B717AE2004453FB /* ContentView.swift */,
				A8AC35F82B72B924004453FB /* PickerView.swift */,
				A8AC35CD2B717AE3004453FB /* Assets.xcassets */,
				A8AC35CF2B717AE3004453FB /* Preview Content */,
				A8AC35F42B72B35F004453FB /* Launch Screen.storyboard */,
			);
			path = Timer;
			sourceTree = "<group>";
		};
		A8AC35CF2B717AE3004453FB /* Preview Content */ = {
			isa = PBXGroup;
			children = (
				A8AC35D02B717AE3004453FB /* Preview Assets.xcassets */,
			);
			path = "Preview Content";
			sourceTree = "<group>";
		};
		A8AC35D92B717AE3004453FB /* TimerTests */ = {
			isa = PBXGroup;
			children = (
				A8AC35DA2B717AE3004453FB /* TimerTests.swift */,
			);
			path = TimerTests;
			sourceTree = "<group>";
		};
		A8AC35E32B717AE3004453FB /* TimerUITests */ = {
			isa = PBXGroup;
			children = (
				A8AC35E42B717AE3004453FB /* TimerUITests.swift */,
				A8AC35E62B717AE3004453FB /* TimerUITestsLaunchTests.swift */,
			);
			path = TimerUITests;
			sourceTree = "<group>";
		};
/* End PBXGroup section */

/* Begin PBXNativeTarget section */
		A8AC35C52B717AE2004453FB /* Timer */ = {
			isa = PBXNativeTarget;
			buildConfigurationList = A8AC35EA2B717AE3004453FB /* Build configuration list for PBXNativeTarget "Timer" */;
			buildPhases = (
				A8AC35C22B717AE2004453FB /* Sources */,
				A8AC35C32B717AE2004453FB /* Frameworks */,
				A8AC35C42B717AE2004453FB /* Resources */,
			);
			buildRules = (
			);
			dependencies = (
			);
			name = Timer;
			productName = Timer;
			productReference = A8AC35C62B717AE2004453FB /* Timer.app */;
			productType = "com.apple.product-type.application";
		};
		A8AC35D52B717AE3004453FB /* TimerTests */ = {
			isa = PBXNativeTarget;
			buildConfigurationList = A8AC35ED2B717AE3004453FB /* Build configuration list for PBXNativeTarget "TimerTests" */;
			buildPhases = (
				A8AC35D22B717AE3004453FB /* Sources */,
				A8AC35D32B717AE3004453FB /* Frameworks */,
				A8AC35D42B717AE3004453FB /* Resources */,
			);
			buildRules = (
			);
			dependencies = (
				A8AC35D82B717AE3004453FB /* PBXTargetDependency */,
			);
			name = TimerTests;
			productName = TimerTests;
			productReference = A8AC35D62B717AE3004453FB /* TimerTests.xctest */;
			productType = "com.apple.product-type.bundle.unit-test";
		};
		A8AC35DF2B717AE3004453FB /* TimerUITests */ = {
			isa = PBXNativeTarget;
			buildConfigurationList = A8AC35F02B717AE3004453FB /* Build configuration list for PBXNativeTarget "TimerUITests" */;
			buildPhases = (
				A8AC35DC2B717AE3004453FB /* Sources */,
				A8AC35DD2B717AE3004453FB /* Frameworks */,
				A8AC35DE2B717AE3004453FB /* Resources */,
			);
			buildRules = (
			);
			dependencies = (
				A8AC35E22B717AE3004453FB /* PBXTargetDependency */,
			);
			name = TimerUITests;
			productName = TimerUITests;
			productReference = A8AC35E02B717AE3004453FB /* TimerUITests.xctest */;
			productType = "com.apple.product-type.bundle.ui-testing";
		};
/* End PBXNativeTarget section */

/* Begin PBXProject section */
		A8AC35BE2B717AE2004453FB /* Project object */ = {
			isa = PBXProject;
			attributes = {
				BuildIndependentTargetsInParallel = 1;
				LastSwiftUpdateCheck = 1500;
				LastUpgradeCheck = 1500;
				TargetAttributes = {
					A8AC35C52B717AE2004453FB = {
						CreatedOnToolsVersion = 15.0.1;
					};
					A8AC35D52B717AE3004453FB = {
						CreatedOnToolsVersion = 15.0.1;
						TestTargetID = A8AC35C52B717AE2004453FB;
					};
					A8AC35DF2B717AE3004453FB = {
						CreatedOnToolsVersion = 15.0.1;
						TestTargetID = A8AC35C52B717AE2004453FB;
					};
				};
			};
			buildConfigurationList = A8AC35C12B717AE2004453FB /* Build configuration list for PBXProject "Timer" */;
			compatibilityVersion = "Xcode 14.0";
			developmentRegion = en;
			hasScannedForEncodings = 0;
			knownRegions = (
				en,
				Base,
			);
			mainGroup = A8AC35BD2B717AE2004453FB;
			productRefGroup = A8AC35C72B717AE2004453FB /* Products */;
			projectDirPath = "";
			projectRoot = "";
			targets = (
				A8AC35C52B717AE2004453FB /* Timer */,
				A8AC35D52B717AE3004453FB /* TimerTests */,
				A8AC35DF2B717AE3004453FB /* TimerUITests */,
			);
		};
/* End PBXProject section */

/* Begin PBXResourcesBuildPhase section */
		A8AC35C42B717AE2004453FB /* Resources */ = {
			isa = PBXResourcesBuildPhase;
			buildActionMask = 2147483647;
			files = (
				A8AC35F52B72B35F004453FB /* Launch Screen.storyboard in Resources */,
				A8AC35D12B717AE3004453FB /* Preview Assets.xcassets in Resources */,
				A8AC35CE2B717AE3004453FB /* Assets.xcassets in Resources */,
			);
			runOnlyForDeploymentPostprocessing = 0;
		};
		A8AC35D42B717AE3004453FB /* Resources */ = {
			isa = PBXResourcesBuildPhase;
			buildActionMask = 2147483647;
			files = (
			);
			runOnlyForDeploymentPostprocessing = 0;
		};
		A8AC35DE2B717AE3004453FB /* Resources */ = {
			isa = PBXResourcesBuildPhase;
			buildActionMask = 2147483647;
			files = (
			);
			runOnlyForDeploymentPostprocessing = 0;
		};
/* End PBXResourcesBuildPhase section */

/* Begin PBXSourcesBuildPhase section */
		A8AC35C22B717AE2004453FB /* Sources */ = {
			isa = PBXSourcesBuildPhase;
			buildActionMask = 2147483647;
			files = (
				A8AC35CC2B717AE2004453FB /* ContentView.swift in Sources */,
				A8AC35CA2B717AE2004453FB /* TimerApp.swift in Sources */,
				A8AC35F92B72B924004453FB /* PickerView.swift in Sources */,
			);
			runOnlyForDeploymentPostprocessing = 0;
		};
		A8AC35D22B717AE3004453FB /* Sources */ = {
			isa = PBXSourcesBuildPhase;
			buildActionMask = 2147483647;
			files = (
				A8AC35DB2B717AE3004453FB /* TimerTests.swift in Sources */,
			);
			runOnlyForDeploymentPostprocessing = 0;
		};
		A8AC35DC2B717AE3004453FB /* Sources */ = {
			isa = PBXSourcesBuildPhase;
			buildActionMask = 2147483647;
			files = (
				A8AC35E72B717AE3004453FB /* TimerUITestsLaunchTests.swift in Sources */,
				A8AC35E52B717AE3004453FB /* TimerUITests.swift in Sources */,
			);
			runOnlyForDeploymentPostprocessing = 0;
		};
/* End PBXSourcesBuildPhase section */

/* Begin PBXTargetDependency section */
		A8AC35D82B717AE3004453FB /* PBXTargetDependency */ = {
			isa = PBXTargetDependency;
			target = A8AC35C52B717AE2004453FB /* Timer */;
			targetProxy = A8AC35D72B717AE3004453FB /* PBXContainerItemProxy */;
		};
		A8AC35E22B717AE3004453FB /* PBXTargetDependency */ = {
			isa = PBXTargetDependency;
			target = A8AC35C52B717AE2004453FB /* Timer */;
			targetProxy = A8AC35E12B717AE3004453FB /* PBXContainerItemProxy */;
		};
/* End PBXTargetDependency section */

/* Begin XCBuildConfiguration section */
		A8AC35E82B717AE3004453FB /* Debug */ = {
			isa = XCBuildConfiguration;
			buildSettings = {
				ALWAYS_SEARCH_USER_PATHS = NO;
				ASSETCATALOG_COMPILER_GENERATE_SWIFT_ASSET_SYMBOL_EXTENSIONS = YES;
				CLANG_ANALYZER_NONNULL = YES;
				CLANG_ANALYZER_NUMBER_OBJECT_CONVERSION = YES_AGGRESSIVE;
				CLANG_CXX_LANGUAGE_STANDARD = "gnu++20";
				CLANG_ENABLE_MODULES = YES;
				CLANG_ENABLE_OBJC_ARC = YES;
				CLANG_ENABLE_OBJC_WEAK = YES;
				CLANG_WARN_BLOCK_CAPTURE_AUTORELEASING = YES;
				CLANG_WARN_BOOL_CONVERSION = YES;
				CLANG_WARN_COMMA = YES;
				CLANG_WARN_CONSTANT_CONVERSION = YES;
				CLANG_WARN_DEPRECATED_OBJC_IMPLEMENTATIONS = YES;
				CLANG_WARN_DIRECT_OBJC_ISA_USAGE = YES_ERROR;
				CLANG_WARN_DOCUMENTATION_COMMENTS = YES;
				CLANG_WARN_EMPTY_BODY = YES;
				CLANG_WARN_ENUM_CONVERSION = YES;
				CLANG_WARN_INFINITE_RECURSION = YES;
				CLANG_WARN_INT_CONVERSION = YES;
				CLANG_WARN_NON_LITERAL_NULL_CONVERSION = YES;
				CLANG_WARN_OBJC_IMPLICIT_RETAIN_SELF = YES;
				CLANG_WARN_OBJC_LITERAL_CONVERSION = YES;
				CLANG_WARN_OBJC_ROOT_CLASS = YES_ERROR;
				CLANG_WARN_QUOTED_INCLUDE_IN_FRAMEWORK_HEADER = YES;
				CLANG_WARN_RANGE_LOOP_ANALYSIS = YES;
				CLANG_WARN_STRICT_PROTOTYPES = YES;
				CLANG_WARN_SUSPICIOUS_MOVE = YES;
				CLANG_WARN_UNGUARDED_AVAILABILITY = YES_AGGRESSIVE;
				CLANG_WARN_UNREACHABLE_CODE = YES;
				CLANG_WARN__DUPLICATE_METHOD_MATCH = YES;
				COPY_PHASE_STRIP = NO;
				DEBUG_INFORMATION_FORMAT = dwarf;
				ENABLE_STRICT_OBJC_MSGSEND = YES;
				ENABLE_TESTABILITY = YES;
				ENABLE_USER_SCRIPT_SANDBOXING = YES;
				GCC_C_LANGUAGE_STANDARD = gnu17;
				GCC_DYNAMIC_NO_PIC = NO;
				GCC_NO_COMMON_BLOCKS = YES;
				GCC_OPTIMIZATION_LEVEL = 0;
				GCC_PREPROCESSOR_DEFINITIONS = (
					"DEBUG=1",
					"$(inherited)",
				);
				GCC_WARN_64_TO_32_BIT_CONVERSION = YES;
				GCC_WARN_ABOUT_RETURN_TYPE = YES_ERROR;
				GCC_WARN_UNDECLARED_SELECTOR = YES;
				GCC_WARN_UNINITIALIZED_AUTOS = YES_AGGRESSIVE;
				GCC_WARN_UNUSED_FUNCTION = YES;
				GCC_WARN_UNUSED_VARIABLE = YES;
				IPHONEOS_DEPLOYMENT_TARGET = 17.0;
				LOCALIZATION_PREFERS_STRING_CATALOGS = YES;
				MTL_ENABLE_DEBUG_INFO = INCLUDE_SOURCE;
				MTL_FAST_MATH = YES;
				ONLY_ACTIVE_ARCH = YES;
				SDKROOT = iphoneos;
				SWIFT_ACTIVE_COMPILATION_CONDITIONS = "DEBUG $(inherited)";
				SWIFT_OPTIMIZATION_LEVEL = "-Onone";
			};
			name = Debug;
		};
		A8AC35E92B717AE3004453FB /* Release */ = {
			isa = XCBuildConfiguration;
			buildSettings = {
				ALWAYS_SEARCH_USER_PATHS = NO;
				ASSETCATALOG_COMPILER_GENERATE_SWIFT_ASSET_SYMBOL_EXTENSIONS = YES;
				CLANG_ANALYZER_NONNULL = YES;
				CLANG_ANALYZER_NUMBER_OBJECT_CONVERSION = YES_AGGRESSIVE;
				CLANG_CXX_LANGUAGE_STANDARD = "gnu++20";
				CLANG_ENABLE_MODULES = YES;
				CLANG_ENABLE_OBJC_ARC = YES;
				CLANG_ENABLE_OBJC_WEAK = YES;
				CLANG_WARN_BLOCK_CAPTURE_AUTORELEASING = YES;
				CLANG_WARN_BOOL_CONVERSION = YES;
				CLANG_WARN_COMMA = YES;
				CLANG_WARN_CONSTANT_CONVERSION = YES;
				CLANG_WARN_DEPRECATED_OBJC_IMPLEMENTATIONS = YES;
				CLANG_WARN_DIRECT_OBJC_ISA_USAGE = YES_ERROR;
				CLANG_WARN_DOCUMENTATION_COMMENTS = YES;
				CLANG_WARN_EMPTY_BODY = YES;
				CLANG_WARN_ENUM_CONVERSION = YES;
				CLANG_WARN_INFINITE_RECURSION = YES;
				CLANG_WARN_INT_CONVERSION = YES;
				CLANG_WARN_NON_LITERAL_NULL_CONVERSION = YES;
				CLANG_WARN_OBJC_IMPLICIT_RETAIN_SELF = YES;
				CLANG_WARN_OBJC_LITERAL_CONVERSION = YES;
				CLANG_WARN_OBJC_ROOT_CLASS = YES_ERROR;
				CLANG_WARN_QUOTED_INCLUDE_IN_FRAMEWORK_HEADER = YES;
				CLANG_WARN_RANGE_LOOP_ANALYSIS = YES;
				CLANG_WARN_STRICT_PROTOTYPES = YES;
				CLANG_WARN_SUSPICIOUS_MOVE = YES;
				CLANG_WARN_UNGUARDED_AVAILABILITY = YES_AGGRESSIVE;
				CLANG_WARN_UNREACHABLE_CODE = YES;
				CLANG_WARN__DUPLICATE_METHOD_MATCH = YES;
				COPY_PHASE_STRIP = NO;
				DEBUG_INFORMATION_FORMAT = "dwarf-with-dsym";
				ENABLE_NS_ASSERTIONS = NO;
				ENABLE_STRICT_OBJC_MSGSEND = YES;
				ENABLE_USER_SCRIPT_SANDBOXING = YES;
				GCC_C_LANGUAGE_STANDARD = gnu17;
				GCC_NO_COMMON_BLOCKS = YES;
				GCC_WARN_64_TO_32_BIT_CONVERSION = YES;
				GCC_WARN_ABOUT_RETURN_TYPE = YES_ERROR;
				GCC_WARN_UNDECLARED_SELECTOR = YES;
				GCC_WARN_UNINITIALIZED_AUTOS = YES_AGGRESSIVE;
				GCC_WARN_UNUSED_FUNCTION = YES;
				GCC_WARN_UNUSED_VARIABLE = YES;
				IPHONEOS_DEPLOYMENT_TARGET = 17.0;
				LOCALIZATION_PREFERS_STRING_CATALOGS = YES;
				MTL_ENABLE_DEBUG_INFO = NO;
				MTL_FAST_MATH = YES;
				SDKROOT = iphoneos;
				SWIFT_COMPILATION_MODE = wholemodule;
				VALIDATE_PRODUCT = YES;
			};
			name = Release;
		};
		A8AC35EB2B717AE3004453FB /* Debug */ = {
			isa = XCBuildConfiguration;
			buildSettings = {
				ASSETCATALOG_COMPILER_APPICON_NAME = AppIcon;
				ASSETCATALOG_COMPILER_GLOBAL_ACCENT_COLOR_NAME = AccentColor;
				CODE_SIGN_STYLE = Automatic;
				CURRENT_PROJECT_VERSION = 1;
				DEVELOPMENT_ASSET_PATHS = "\"Timer/Preview Content\"";
				DEVELOPMENT_TEAM = FLVVGBMT6V;
				ENABLE_PREVIEWS = YES;
				GENERATE_INFOPLIST_FILE = YES;
				INFOPLIST_FILE = Timer/Info.plist;
				INFOPLIST_KEY_UIApplicationSceneManifest_Generation = YES;
				INFOPLIST_KEY_UIApplicationSupportsIndirectInputEvents = YES;
				INFOPLIST_KEY_UILaunchScreen_Generation = YES;
				INFOPLIST_KEY_UIStatusBarStyle = UIStatusBarStyleDarkContent;
				INFOPLIST_KEY_UISupportedInterfaceOrientations = UIInterfaceOrientationPortrait;
				INFOPLIST_KEY_UISupportedInterfaceOrientations_iPad = "UIInterfaceOrientationLandscapeLeft UIInterfaceOrientationLandscapeRight UIInterfaceOrientationPortrait UIInterfaceOrientationPortraitUpsideDown";
				INFOPLIST_KEY_UIUserInterfaceStyle = Dark;
				LD_RUNPATH_SEARCH_PATHS = (
					"$(inherited)",
					"@executable_path/Frameworks",
				);
				MARKETING_VERSION = 1.0;
				PRODUCT_BUNDLE_IDENTIFIER = Wijdan.Timer;
				PRODUCT_NAME = "$(TARGET_NAME)";
				SUPPORTED_PLATFORMS = "iphoneos iphonesimulator";
				SUPPORTS_MACCATALYST = NO;
				SUPPORTS_MAC_DESIGNED_FOR_IPHONE_IPAD = NO;
				SWIFT_EMIT_LOC_STRINGS = YES;
				SWIFT_VERSION = 5.0;
				TARGETED_DEVICE_FAMILY = 1;
			};
			name = Debug;
		};
		A8AC35EC2B717AE3004453FB /* Release */ = {
			isa = XCBuildConfiguration;
			buildSettings = {
				ASSETCATALOG_COMPILER_APPICON_NAME = AppIcon;
				ASSETCATALOG_COMPILER_GLOBAL_ACCENT_COLOR_NAME = AccentColor;
				CODE_SIGN_STYLE = Automatic;
				CURRENT_PROJECT_VERSION = 1;
				DEVELOPMENT_ASSET_PATHS = "\"Timer/Preview Content\"";
				DEVELOPMENT_TEAM = FLVVGBMT6V;
				ENABLE_PREVIEWS = YES;
				GENERATE_INFOPLIST_FILE = YES;
				INFOPLIST_FILE = Timer/Info.plist;
				INFOPLIST_KEY_UIApplicationSceneManifest_Generation = YES;
				INFOPLIST_KEY_UIApplicationSupportsIndirectInputEvents = YES;
				INFOPLIST_KEY_UILaunchScreen_Generation = YES;
				INFOPLIST_KEY_UIStatusBarStyle = UIStatusBarStyleDarkContent;
				INFOPLIST_KEY_UISupportedInterfaceOrientations = UIInterfaceOrientationPortrait;
				INFOPLIST_KEY_UISupportedInterfaceOrientations_iPad = "UIInterfaceOrientationLandscapeLeft UIInterfaceOrientationLandscapeRight UIInterfaceOrientationPortrait UIInterfaceOrientationPortraitUpsideDown";
				INFOPLIST_KEY_UIUserInterfaceStyle = Dark;
				LD_RUNPATH_SEARCH_PATHS = (
					"$(inherited)",
					"@executable_path/Frameworks",
				);
				MARKETING_VERSION = 1.0;
				PRODUCT_BUNDLE_IDENTIFIER = Wijdan.Timer;
				PRODUCT_NAME = "$(TARGET_NAME)";
				SUPPORTED_PLATFORMS = "iphoneos iphonesimulator";
				SUPPORTS_MACCATALYST = NO;
				SUPPORTS_MAC_DESIGNED_FOR_IPHONE_IPAD = NO;
				SWIFT_EMIT_LOC_STRINGS = YES;
				SWIFT_VERSION = 5.0;
				TARGETED_DEVICE_FAMILY = 1;
			};
			name = Release;
		};
		A8AC35EE2B717AE3004453FB /* Debug */ = {
			isa = XCBuildConfiguration;
			buildSettings = {
				ALWAYS_EMBED_SWIFT_STANDARD_LIBRARIES = YES;
				BUNDLE_LOADER = "$(TEST_HOST)";
				CODE_SIGN_STYLE = Automatic;
				CURRENT_PROJECT_VERSION = 1;
				DEVELOPMENT_TEAM = FLVVGBMT6V;
				GENERATE_INFOPLIST_FILE = YES;
				IPHONEOS_DEPLOYMENT_TARGET = 17.0;
				MARKETING_VERSION = 1.0;
				PRODUCT_BUNDLE_IDENTIFIER = Wijdan.TimerTests;
				PRODUCT_NAME = "$(TARGET_NAME)";
				SWIFT_EMIT_LOC_STRINGS = NO;
				SWIFT_VERSION = 5.0;
				TARGETED_DEVICE_FAMILY = "1,2";
				TEST_HOST = "$(BUILT_PRODUCTS_DIR)/Timer.app/$(BUNDLE_EXECUTABLE_FOLDER_PATH)/Timer";
			};
			name = Debug;
		};
		A8AC35EF2B717AE3004453FB /* Release */ = {
			isa = XCBuildConfiguration;
			buildSettings = {
				ALWAYS_EMBED_SWIFT_STANDARD_LIBRARIES = YES;
				BUNDLE_LOADER = "$(TEST_HOST)";
				CODE_SIGN_STYLE = Automatic;
				CURRENT_PROJECT_VERSION = 1;
				DEVELOPMENT_TEAM = FLVVGBMT6V;
				GENERATE_INFOPLIST_FILE = YES;
				IPHONEOS_DEPLOYMENT_TARGET = 17.0;
				MARKETING_VERSION = 1.0;
				PRODUCT_BUNDLE_IDENTIFIER = Wijdan.TimerTests;
				PRODUCT_NAME = "$(TARGET_NAME)";
				SWIFT_EMIT_LOC_STRINGS = NO;
				SWIFT_VERSION = 5.0;
				TARGETED_DEVICE_FAMILY = "1,2";
				TEST_HOST = "$(BUILT_PRODUCTS_DIR)/Timer.app/$(BUNDLE_EXECUTABLE_FOLDER_PATH)/Timer";
			};
			name = Release;
		};
		A8AC35F12B717AE3004453FB /* Debug */ = {
			isa = XCBuildConfiguration;
			buildSettings = {
				ALWAYS_EMBED_SWIFT_STANDARD_LIBRARIES = YES;
				CODE_SIGN_STYLE = Automatic;
				CURRENT_PROJECT_VERSION = 1;
				DEVELOPMENT_TEAM = FLVVGBMT6V;
				GENERATE_INFOPLIST_FILE = YES;
				MARKETING_VERSION = 1.0;
				PRODUCT_BUNDLE_IDENTIFIER = Wijdan.TimerUITests;
				PRODUCT_NAME = "$(TARGET_NAME)";
				SWIFT_EMIT_LOC_STRINGS = NO;
				SWIFT_VERSION = 5.0;
				TARGETED_DEVICE_FAMILY = "1,2";
				TEST_TARGET_NAME = Timer;
			};
			name = Debug;
		};
		A8AC35F22B717AE3004453FB /* Release */ = {
			isa = XCBuildConfiguration;
			buildSettings = {
				ALWAYS_EMBED_SWIFT_STANDARD_LIBRARIES = YES;
				CODE_SIGN_STYLE = Automatic;
				CURRENT_PROJECT_VERSION = 1;
				DEVELOPMENT_TEAM = FLVVGBMT6V;
				GENERATE_INFOPLIST_FILE = YES;
				MARKETING_VERSION = 1.0;
				PRODUCT_BUNDLE_IDENTIFIER = Wijdan.TimerUITests;
				PRODUCT_NAME = "$(TARGET_NAME)";
				SWIFT_EMIT_LOC_STRINGS = NO;
				SWIFT_VERSION = 5.0;
				TARGETED_DEVICE_FAMILY = "1,2";
				TEST_TARGET_NAME = Timer;
			};
			name = Release;
		};
/* End XCBuildConfiguration section */

/* Begin XCConfigurationList section */
		A8AC35C12B717AE2004453FB /* Build configuration list for PBXProject "Timer" */ = {
			isa = XCConfigurationList;
			buildConfigurations = (
				A8AC35E82B717AE3004453FB /* Debug */,
				A8AC35E92B717AE3004453FB /* Release */,
			);
			defaultConfigurationIsVisible = 0;
			defaultConfigurationName = Release;
		};
		A8AC35EA2B717AE3004453FB /* Build configuration list for PBXNativeTarget "Timer" */ = {
			isa = XCConfigurationList;
			buildConfigurations = (
				A8AC35EB2B717AE3004453FB /* Debug */,
				A8AC35EC2B717AE3004453FB /* Release */,
			);
			defaultConfigurationIsVisible = 0;
			defaultConfigurationName = Release;
		};
		A8AC35ED2B717AE3004453FB /* Build configuration list for PBXNativeTarget "TimerTests" */ = {
			isa = XCConfigurationList;
			buildConfigurations = (
				A8AC35EE2B717AE3004453FB /* Debug */,
				A8AC35EF2B717AE3004453FB /* Release */,
			);
			defaultConfigurationIsVisible = 0;
			defaultConfigurationName = Release;
		};
		A8AC35F02B717AE3004453FB /* Build configuration list for PBXNativeTarget "TimerUITests" */ = {
			isa = XCConfigurationList;
			buildConfigurations = (
				A8AC35F12B717AE3004453FB /* Debug */,
				A8AC35F22B717AE3004453FB /* Release */,
			);
			defaultConfigurationIsVisible = 0;
			defaultConfigurationName = Release;
		};
/* End XCConfigurationList section */
	};
	rootObject = A8AC35BE2B717AE2004453FB /* Project object */;
}
